<?xml version="1.0" encoding="UTF-8"?>
<!DOCTYPE plist PUBLIC "-//Apple//DTD PLIST 1.0//EN" "http://www.apple.com/DTDs/PropertyList-1.0.dtd">
<plist version="1.0">
<dict>
	<key>archiveVersion</key>
	<string>1</string>
	<key>classes</key>
	<dict/>
	<key>objectVersion</key>
	<string>46</string>
	<key>objects</key>
	<dict>
		<key>206930FFBE7783D72EA0DCDE</key>
		<dict>
			<key>includeInIndex</key>
			<string>1</string>
			<key>isa</key>
			<string>PBXFileReference</string>
			<key>lastKnownFileType</key>
			<string>text.xcconfig</string>
			<key>name</key>
			<string>Pods.release.xcconfig</string>
			<key>path</key>
			<string>FreeWifiSearch/Pods/Target Support Files/Pods/Pods.release.xcconfig</string>
			<key>sourceTree</key>
			<string>&lt;group&gt;</string>
		</dict>
		<key>3DE0DBDE1BA631980020CEA6</key>
		<dict>
			<key>fileEncoding</key>
			<string>4</string>
			<key>isa</key>
			<string>PBXFileReference</string>
			<key>lastKnownFileType</key>
			<string>sourcecode.swift</string>
			<key>path</key>
			<string>FreeWifiHotspot.swift</string>
			<key>sourceTree</key>
			<string>&lt;group&gt;</string>
		</dict>
		<key>3DE0DBDF1BA631980020CEA6</key>
		<dict>
			<key>fileRef</key>
			<string>3DE0DBDE1BA631980020CEA6</string>
			<key>isa</key>
			<string>PBXBuildFile</string>
		</dict>
		<key>3DE62BA61B973B8D00F32AE2</key>
		<dict>
			<key>children</key>
			<array>
				<string>3DE62BB11B973B8D00F32AE2</string>
				<string>3DE62BC91B973B8D00F32AE2</string>
				<string>3DE62BD41B973B8D00F32AE2</string>
				<string>3DE62BB01B973B8D00F32AE2</string>
				<string>A2069C0F222BF88A203881DD</string>
				<string>843FE924F17BE67F93C72DDD</string>
			</array>
			<key>isa</key>
			<string>PBXGroup</string>
			<key>sourceTree</key>
			<string>&lt;group&gt;</string>
		</dict>
		<key>3DE62BA71B973B8D00F32AE2</key>
		<dict>
			<key>attributes</key>
			<dict>
				<key>LastUpgradeCheck</key>
				<string>0700</string>
				<key>ORGANIZATIONNAME</key>
				<string>LS</string>
				<key>TargetAttributes</key>
				<dict>
					<key>3DE62BAE1B973B8D00F32AE2</key>
					<dict>
						<key>CreatedOnToolsVersion</key>
						<string>7.0</string>
						<key>DevelopmentTeam</key>
						<string>VWNSUBS8K9</string>
					</dict>
					<key>3DE62BC51B973B8D00F32AE2</key>
					<dict>
						<key>CreatedOnToolsVersion</key>
						<string>7.0</string>
						<key>TestTargetID</key>
						<string>3DE62BAE1B973B8D00F32AE2</string>
					</dict>
					<key>3DE62BD01B973B8D00F32AE2</key>
					<dict>
						<key>CreatedOnToolsVersion</key>
						<string>7.0</string>
						<key>TestTargetID</key>
						<string>3DE62BAE1B973B8D00F32AE2</string>
					</dict>
				</dict>
			</dict>
			<key>buildConfigurationList</key>
			<string>3DE62BAA1B973B8D00F32AE2</string>
			<key>compatibilityVersion</key>
			<string>Xcode 3.2</string>
			<key>developmentRegion</key>
			<string>English</string>
			<key>hasScannedForEncodings</key>
			<string>0</string>
			<key>isa</key>
			<string>PBXProject</string>
			<key>knownRegions</key>
			<array>
				<string>en</string>
				<string>Base</string>
			</array>
			<key>mainGroup</key>
			<string>3DE62BA61B973B8D00F32AE2</string>
			<key>productRefGroup</key>
			<string>3DE62BB01B973B8D00F32AE2</string>
			<key>projectDirPath</key>
			<string></string>
			<key>projectReferences</key>
			<array/>
			<key>projectRoot</key>
			<string></string>
			<key>targets</key>
			<array>
				<string>3DE62BAE1B973B8D00F32AE2</string>
				<string>3DE62BC51B973B8D00F32AE2</string>
				<string>3DE62BD01B973B8D00F32AE2</string>
			</array>
		</dict>
		<key>3DE62BAA1B973B8D00F32AE2</key>
		<dict>
			<key>buildConfigurations</key>
			<array>
				<string>3DE62BD81B973B8D00F32AE2</string>
				<string>3DE62BD91B973B8D00F32AE2</string>
			</array>
			<key>defaultConfigurationIsVisible</key>
			<string>0</string>
			<key>defaultConfigurationName</key>
			<string>Release</string>
			<key>isa</key>
			<string>XCConfigurationList</string>
		</dict>
		<key>3DE62BAB1B973B8D00F32AE2</key>
		<dict>
			<key>buildActionMask</key>
			<string>2147483647</string>
			<key>files</key>
			<array>
				<string>3DE0DBDF1BA631980020CEA6</string>
				<string>3DFE17801BA9AD7F00E8E194</string>
				<string>3DE62C221B973F6E00F32AE2</string>
				<string>3DE62C201B973F4D00F32AE2</string>
				<string>3DE62BBB1B973B8D00F32AE2</string>
				<string>3DE62BE41B973C3800F32AE2</string>
			</array>
			<key>isa</key>
			<string>PBXSourcesBuildPhase</string>
			<key>runOnlyForDeploymentPostprocessing</key>
			<string>0</string>
		</dict>
		<key>3DE62BAC1B973B8D00F32AE2</key>
		<dict>
			<key>buildActionMask</key>
			<string>2147483647</string>
			<key>files</key>
			<array>
				<string>954BF1B1D4116599C89C5671</string>
			</array>
			<key>isa</key>
			<string>PBXFrameworksBuildPhase</string>
			<key>runOnlyForDeploymentPostprocessing</key>
			<string>0</string>
		</dict>
		<key>3DE62BAD1B973B8D00F32AE2</key>
		<dict>
			<key>buildActionMask</key>
			<string>2147483647</string>
			<key>files</key>
			<array>
				<string>3DE62BC01B973B8D00F32AE2</string>
				<string>3DE62BBD1B973B8D00F32AE2</string>
				<string>3DE62BB81B973B8D00F32AE2</string>
			</array>
			<key>isa</key>
			<string>PBXResourcesBuildPhase</string>
			<key>runOnlyForDeploymentPostprocessing</key>
			<string>0</string>
		</dict>
		<key>3DE62BAE1B973B8D00F32AE2</key>
		<dict>
			<key>buildConfigurationList</key>
			<string>3DE62BDA1B973B8D00F32AE2</string>
			<key>buildPhases</key>
			<array>
				<string>FBD5A4DFDBD8B447F9B94AB8</string>
				<string>3DE62BAB1B973B8D00F32AE2</string>
				<string>3DE62BAC1B973B8D00F32AE2</string>
				<string>3DE62BAD1B973B8D00F32AE2</string>
				<string>AC16E90E5C70E7649705C0CD</string>
			</array>
			<key>buildRules</key>
			<array/>
			<key>dependencies</key>
			<array/>
			<key>isa</key>
			<string>PBXNativeTarget</string>
			<key>name</key>
			<string>FreeWifiSearch</string>
			<key>productName</key>
			<string>FreeWifiSearch</string>
			<key>productReference</key>
			<string>3DE62BAF1B973B8D00F32AE2</string>
			<key>productType</key>
			<string>com.apple.product-type.application</string>
		</dict>
		<key>3DE62BAF1B973B8D00F32AE2</key>
		<dict>
			<key>explicitFileType</key>
			<string>wrapper.application</string>
			<key>includeInIndex</key>
			<string>0</string>
			<key>isa</key>
			<string>PBXFileReference</string>
			<key>path</key>
			<string>FreeWifiSearch.app</string>
			<key>sourceTree</key>
			<string>BUILT_PRODUCTS_DIR</string>
		</dict>
		<key>3DE62BB01B973B8D00F32AE2</key>
		<dict>
			<key>children</key>
			<array>
				<string>3DE62BAF1B973B8D00F32AE2</string>
				<string>3DE62BC61B973B8D00F32AE2</string>
				<string>3DE62BD11B973B8D00F32AE2</string>
			</array>
			<key>isa</key>
			<string>PBXGroup</string>
			<key>name</key>
			<string>Products</string>
			<key>sourceTree</key>
			<string>&lt;group&gt;</string>
		</dict>
		<key>3DE62BB11B973B8D00F32AE2</key>
		<dict>
			<key>children</key>
			<array>
				<string>3DE62C211B973F6E00F32AE2</string>
				<string>3DE62C1F1B973F4D00F32AE2</string>
				<string>3DFE177F1BA9AD7F00E8E194</string>
				<string>3DE62C231B97463A00F32AE2</string>
				<string>3DE62BB61B973B8D00F32AE2</string>
				<string>3DE62BBC1B973B8D00F32AE2</string>
				<string>3DE62BBE1B973B8D00F32AE2</string>
				<string>3DE62BC11B973B8D00F32AE2</string>
				<string>3DE62BB91B973B8D00F32AE2</string>
				<string>3DE62BE31B973C3800F32AE2</string>
				<string>3DE0DBDE1BA631980020CEA6</string>
			</array>
			<key>isa</key>
			<string>PBXGroup</string>
			<key>path</key>
			<string>FreeWifiSearch</string>
			<key>sourceTree</key>
			<string>&lt;group&gt;</string>
		</dict>
		<key>3DE62BB61B973B8D00F32AE2</key>
		<dict>
			<key>children</key>
			<array>
				<string>3DE62BB71B973B8D00F32AE2</string>
			</array>
			<key>isa</key>
			<string>PBXVariantGroup</string>
			<key>name</key>
			<string>Main.storyboard</string>
			<key>sourceTree</key>
			<string>&lt;group&gt;</string>
		</dict>
		<key>3DE62BB71B973B8D00F32AE2</key>
		<dict>
			<key>isa</key>
			<string>PBXFileReference</string>
			<key>lastKnownFileType</key>
			<string>file.storyboard</string>
			<key>name</key>
			<string>Base</string>
			<key>path</key>
			<string>Base.lproj/Main.storyboard</string>
			<key>sourceTree</key>
			<string>&lt;group&gt;</string>
		</dict>
		<key>3DE62BB81B973B8D00F32AE2</key>
		<dict>
			<key>fileRef</key>
			<string>3DE62BB61B973B8D00F32AE2</string>
			<key>isa</key>
			<string>PBXBuildFile</string>
		</dict>
		<key>3DE62BB91B973B8D00F32AE2</key>
		<dict>
			<key>children</key>
			<array>
				<string>3DE62BBA1B973B8D00F32AE2</string>
			</array>
			<key>currentVersion</key>
			<string>3DE62BBA1B973B8D00F32AE2</string>
			<key>isa</key>
			<string>XCVersionGroup</string>
			<key>path</key>
			<string>FreeWifiSearch.xcdatamodeld</string>
			<key>sourceTree</key>
			<string>&lt;group&gt;</string>
			<key>versionGroupType</key>
			<string>wrapper.xcdatamodel</string>
		</dict>
		<key>3DE62BBA1B973B8D00F32AE2</key>
		<dict>
			<key>isa</key>
			<string>PBXFileReference</string>
			<key>lastKnownFileType</key>
			<string>wrapper.xcdatamodel</string>
			<key>path</key>
			<string>FreeWifiSearch.xcdatamodel</string>
			<key>sourceTree</key>
			<string>&lt;group&gt;</string>
		</dict>
		<key>3DE62BBB1B973B8D00F32AE2</key>
		<dict>
			<key>fileRef</key>
			<string>3DE62BB91B973B8D00F32AE2</string>
			<key>isa</key>
			<string>PBXBuildFile</string>
		</dict>
		<key>3DE62BBC1B973B8D00F32AE2</key>
		<dict>
			<key>isa</key>
			<string>PBXFileReference</string>
			<key>lastKnownFileType</key>
			<string>folder.assetcatalog</string>
			<key>path</key>
			<string>Assets.xcassets</string>
			<key>sourceTree</key>
			<string>&lt;group&gt;</string>
		</dict>
		<key>3DE62BBD1B973B8D00F32AE2</key>
		<dict>
			<key>fileRef</key>
			<string>3DE62BBC1B973B8D00F32AE2</string>
			<key>isa</key>
			<string>PBXBuildFile</string>
		</dict>
		<key>3DE62BBE1B973B8D00F32AE2</key>
		<dict>
			<key>children</key>
			<array>
				<string>3DE62BBF1B973B8D00F32AE2</string>
			</array>
			<key>isa</key>
			<string>PBXVariantGroup</string>
			<key>name</key>
			<string>LaunchScreen.storyboard</string>
			<key>sourceTree</key>
			<string>&lt;group&gt;</string>
		</dict>
		<key>3DE62BBF1B973B8D00F32AE2</key>
		<dict>
			<key>isa</key>
			<string>PBXFileReference</string>
			<key>lastKnownFileType</key>
			<string>file.storyboard</string>
			<key>name</key>
			<string>Base</string>
			<key>path</key>
			<string>Base.lproj/LaunchScreen.storyboard</string>
			<key>sourceTree</key>
			<string>&lt;group&gt;</string>
		</dict>
		<key>3DE62BC01B973B8D00F32AE2</key>
		<dict>
			<key>fileRef</key>
			<string>3DE62BBE1B973B8D00F32AE2</string>
			<key>isa</key>
			<string>PBXBuildFile</string>
		</dict>
		<key>3DE62BC11B973B8D00F32AE2</key>
		<dict>
			<key>isa</key>
			<string>PBXFileReference</string>
			<key>lastKnownFileType</key>
			<string>text.plist.xml</string>
			<key>path</key>
			<string>Info.plist</string>
			<key>sourceTree</key>
			<string>&lt;group&gt;</string>
		</dict>
		<key>3DE62BC21B973B8D00F32AE2</key>
		<dict>
			<key>buildActionMask</key>
			<string>2147483647</string>
			<key>files</key>
			<array>
				<string>3DE62BCB1B973B8D00F32AE2</string>
			</array>
			<key>isa</key>
			<string>PBXSourcesBuildPhase</string>
			<key>runOnlyForDeploymentPostprocessing</key>
			<string>0</string>
		</dict>
		<key>3DE62BC31B973B8D00F32AE2</key>
		<dict>
			<key>buildActionMask</key>
			<string>2147483647</string>
			<key>files</key>
			<array/>
			<key>isa</key>
			<string>PBXFrameworksBuildPhase</string>
			<key>runOnlyForDeploymentPostprocessing</key>
			<string>0</string>
		</dict>
		<key>3DE62BC41B973B8D00F32AE2</key>
		<dict>
			<key>buildActionMask</key>
			<string>2147483647</string>
			<key>files</key>
			<array/>
			<key>isa</key>
			<string>PBXResourcesBuildPhase</string>
			<key>runOnlyForDeploymentPostprocessing</key>
			<string>0</string>
		</dict>
		<key>3DE62BC51B973B8D00F32AE2</key>
		<dict>
			<key>buildConfigurationList</key>
			<string>3DE62BDD1B973B8D00F32AE2</string>
			<key>buildPhases</key>
			<array>
				<string>3DE62BC21B973B8D00F32AE2</string>
				<string>3DE62BC31B973B8D00F32AE2</string>
				<string>3DE62BC41B973B8D00F32AE2</string>
			</array>
			<key>buildRules</key>
			<array/>
			<key>dependencies</key>
			<array>
				<string>3DE62BC81B973B8D00F32AE2</string>
			</array>
			<key>isa</key>
			<string>PBXNativeTarget</string>
			<key>name</key>
			<string>FreeWifiSearchTests</string>
			<key>productName</key>
			<string>FreeWifiSearchTests</string>
			<key>productReference</key>
			<string>3DE62BC61B973B8D00F32AE2</string>
			<key>productType</key>
			<string>com.apple.product-type.bundle.unit-test</string>
		</dict>
		<key>3DE62BC61B973B8D00F32AE2</key>
		<dict>
			<key>explicitFileType</key>
			<string>wrapper.cfbundle</string>
			<key>includeInIndex</key>
			<string>0</string>
			<key>isa</key>
			<string>PBXFileReference</string>
			<key>path</key>
			<string>FreeWifiSearchTests.xctest</string>
			<key>sourceTree</key>
			<string>BUILT_PRODUCTS_DIR</string>
		</dict>
		<key>3DE62BC71B973B8D00F32AE2</key>
		<dict>
			<key>containerPortal</key>
			<string>3DE62BA71B973B8D00F32AE2</string>
			<key>isa</key>
			<string>PBXContainerItemProxy</string>
			<key>proxyType</key>
			<string>1</string>
			<key>remoteGlobalIDString</key>
			<string>3DE62BAE1B973B8D00F32AE2</string>
			<key>remoteInfo</key>
			<string>FreeWifiSearch</string>
		</dict>
		<key>3DE62BC81B973B8D00F32AE2</key>
		<dict>
			<key>isa</key>
			<string>PBXTargetDependency</string>
			<key>target</key>
			<string>3DE62BAE1B973B8D00F32AE2</string>
			<key>targetProxy</key>
			<string>3DE62BC71B973B8D00F32AE2</string>
		</dict>
		<key>3DE62BC91B973B8D00F32AE2</key>
		<dict>
			<key>children</key>
			<array>
				<string>3DE62BCA1B973B8D00F32AE2</string>
				<string>3DE62BCC1B973B8D00F32AE2</string>
			</array>
			<key>isa</key>
			<string>PBXGroup</string>
			<key>path</key>
			<string>FreeWifiSearchTests</string>
			<key>sourceTree</key>
			<string>&lt;group&gt;</string>
		</dict>
		<key>3DE62BCA1B973B8D00F32AE2</key>
		<dict>
			<key>isa</key>
			<string>PBXFileReference</string>
			<key>lastKnownFileType</key>
			<string>sourcecode.swift</string>
			<key>path</key>
			<string>FreeWifiSearchTests.swift</string>
			<key>sourceTree</key>
			<string>&lt;group&gt;</string>
		</dict>
		<key>3DE62BCB1B973B8D00F32AE2</key>
		<dict>
			<key>fileRef</key>
			<string>3DE62BCA1B973B8D00F32AE2</string>
			<key>isa</key>
			<string>PBXBuildFile</string>
		</dict>
		<key>3DE62BCC1B973B8D00F32AE2</key>
		<dict>
			<key>isa</key>
			<string>PBXFileReference</string>
			<key>lastKnownFileType</key>
			<string>text.plist.xml</string>
			<key>path</key>
			<string>Info.plist</string>
			<key>sourceTree</key>
			<string>&lt;group&gt;</string>
		</dict>
		<key>3DE62BCD1B973B8D00F32AE2</key>
		<dict>
			<key>buildActionMask</key>
			<string>2147483647</string>
			<key>files</key>
			<array>
				<string>3DE62BD61B973B8D00F32AE2</string>
			</array>
			<key>isa</key>
			<string>PBXSourcesBuildPhase</string>
			<key>runOnlyForDeploymentPostprocessing</key>
			<string>0</string>
		</dict>
		<key>3DE62BCE1B973B8D00F32AE2</key>
		<dict>
			<key>buildActionMask</key>
			<string>2147483647</string>
			<key>files</key>
			<array/>
			<key>isa</key>
			<string>PBXFrameworksBuildPhase</string>
			<key>runOnlyForDeploymentPostprocessing</key>
			<string>0</string>
		</dict>
		<key>3DE62BCF1B973B8D00F32AE2</key>
		<dict>
			<key>buildActionMask</key>
			<string>2147483647</string>
			<key>files</key>
			<array/>
			<key>isa</key>
			<string>PBXResourcesBuildPhase</string>
			<key>runOnlyForDeploymentPostprocessing</key>
			<string>0</string>
		</dict>
		<key>3DE62BD01B973B8D00F32AE2</key>
		<dict>
			<key>buildConfigurationList</key>
			<string>3DE62BE01B973B8D00F32AE2</string>
			<key>buildPhases</key>
			<array>
				<string>3DE62BCD1B973B8D00F32AE2</string>
				<string>3DE62BCE1B973B8D00F32AE2</string>
				<string>3DE62BCF1B973B8D00F32AE2</string>
			</array>
			<key>buildRules</key>
			<array/>
			<key>dependencies</key>
			<array>
				<string>3DE62BD31B973B8D00F32AE2</string>
			</array>
			<key>isa</key>
			<string>PBXNativeTarget</string>
			<key>name</key>
			<string>FreeWifiSearchUITests</string>
			<key>productName</key>
			<string>FreeWifiSearchUITests</string>
			<key>productReference</key>
			<string>3DE62BD11B973B8D00F32AE2</string>
			<key>productType</key>
			<string>com.apple.product-type.bundle.ui-testing</string>
		</dict>
		<key>3DE62BD11B973B8D00F32AE2</key>
		<dict>
			<key>explicitFileType</key>
			<string>wrapper.cfbundle</string>
			<key>includeInIndex</key>
			<string>0</string>
			<key>isa</key>
			<string>PBXFileReference</string>
			<key>path</key>
			<string>FreeWifiSearchUITests.xctest</string>
			<key>sourceTree</key>
			<string>BUILT_PRODUCTS_DIR</string>
		</dict>
		<key>3DE62BD21B973B8D00F32AE2</key>
		<dict>
			<key>containerPortal</key>
			<string>3DE62BA71B973B8D00F32AE2</string>
			<key>isa</key>
			<string>PBXContainerItemProxy</string>
			<key>proxyType</key>
			<string>1</string>
			<key>remoteGlobalIDString</key>
			<string>3DE62BAE1B973B8D00F32AE2</string>
			<key>remoteInfo</key>
			<string>FreeWifiSearch</string>
		</dict>
		<key>3DE62BD31B973B8D00F32AE2</key>
		<dict>
			<key>isa</key>
			<string>PBXTargetDependency</string>
			<key>target</key>
			<string>3DE62BAE1B973B8D00F32AE2</string>
			<key>targetProxy</key>
			<string>3DE62BD21B973B8D00F32AE2</string>
		</dict>
		<key>3DE62BD41B973B8D00F32AE2</key>
		<dict>
			<key>children</key>
			<array>
				<string>3DE62BD51B973B8D00F32AE2</string>
				<string>3DE62BD71B973B8D00F32AE2</string>
			</array>
			<key>isa</key>
			<string>PBXGroup</string>
			<key>path</key>
			<string>FreeWifiSearchUITests</string>
			<key>sourceTree</key>
			<string>&lt;group&gt;</string>
		</dict>
		<key>3DE62BD51B973B8D00F32AE2</key>
		<dict>
			<key>isa</key>
			<string>PBXFileReference</string>
			<key>lastKnownFileType</key>
			<string>sourcecode.swift</string>
			<key>path</key>
			<string>FreeWifiSearchUITests.swift</string>
			<key>sourceTree</key>
			<string>&lt;group&gt;</string>
		</dict>
		<key>3DE62BD61B973B8D00F32AE2</key>
		<dict>
			<key>fileRef</key>
			<string>3DE62BD51B973B8D00F32AE2</string>
			<key>isa</key>
			<string>PBXBuildFile</string>
		</dict>
		<key>3DE62BD71B973B8D00F32AE2</key>
		<dict>
			<key>isa</key>
			<string>PBXFileReference</string>
			<key>lastKnownFileType</key>
			<string>text.plist.xml</string>
			<key>path</key>
			<string>Info.plist</string>
			<key>sourceTree</key>
			<string>&lt;group&gt;</string>
		</dict>
		<key>3DE62BD81B973B8D00F32AE2</key>
		<dict>
			<key>buildSettings</key>
			<dict>
				<key>ALWAYS_SEARCH_USER_PATHS</key>
				<string>NO</string>
				<key>CLANG_CXX_LANGUAGE_STANDARD</key>
				<string>gnu++0x</string>
				<key>CLANG_CXX_LIBRARY</key>
				<string>libc++</string>
				<key>CLANG_ENABLE_MODULES</key>
				<string>YES</string>
				<key>CLANG_ENABLE_OBJC_ARC</key>
				<string>YES</string>
				<key>CLANG_WARN_BOOL_CONVERSION</key>
				<string>YES</string>
				<key>CLANG_WARN_CONSTANT_CONVERSION</key>
				<string>YES</string>
				<key>CLANG_WARN_DIRECT_OBJC_ISA_USAGE</key>
				<string>YES_ERROR</string>
				<key>CLANG_WARN_EMPTY_BODY</key>
				<string>YES</string>
				<key>CLANG_WARN_ENUM_CONVERSION</key>
				<string>YES</string>
				<key>CLANG_WARN_INT_CONVERSION</key>
				<string>YES</string>
				<key>CLANG_WARN_OBJC_ROOT_CLASS</key>
				<string>YES_ERROR</string>
				<key>CLANG_WARN_UNREACHABLE_CODE</key>
				<string>YES</string>
				<key>CLANG_WARN__DUPLICATE_METHOD_MATCH</key>
				<string>YES</string>
				<key>CODE_SIGN_IDENTITY[sdk=iphoneos*]</key>
				<string>iPhone Developer</string>
				<key>COPY_PHASE_STRIP</key>
				<string>NO</string>
				<key>DEBUG_INFORMATION_FORMAT</key>
				<string>dwarf</string>
				<key>ENABLE_STRICT_OBJC_MSGSEND</key>
				<string>YES</string>
				<key>ENABLE_TESTABILITY</key>
				<string>YES</string>
				<key>GCC_C_LANGUAGE_STANDARD</key>
				<string>gnu99</string>
				<key>GCC_DYNAMIC_NO_PIC</key>
				<string>NO</string>
				<key>GCC_NO_COMMON_BLOCKS</key>
				<string>YES</string>
				<key>GCC_OPTIMIZATION_LEVEL</key>
				<string>0</string>
				<key>GCC_PREPROCESSOR_DEFINITIONS</key>
				<array>
					<string>DEBUG=1</string>
					<string>$(inherited)</string>
				</array>
				<key>GCC_WARN_64_TO_32_BIT_CONVERSION</key>
				<string>YES</string>
				<key>GCC_WARN_ABOUT_RETURN_TYPE</key>
				<string>YES_ERROR</string>
				<key>GCC_WARN_UNDECLARED_SELECTOR</key>
				<string>YES</string>
				<key>GCC_WARN_UNINITIALIZED_AUTOS</key>
				<string>YES_AGGRESSIVE</string>
				<key>GCC_WARN_UNUSED_FUNCTION</key>
				<string>YES</string>
				<key>GCC_WARN_UNUSED_VARIABLE</key>
				<string>YES</string>
				<key>IPHONEOS_DEPLOYMENT_TARGET</key>
				<string>9.0</string>
				<key>MTL_ENABLE_DEBUG_INFO</key>
				<string>YES</string>
				<key>ONLY_ACTIVE_ARCH</key>
				<string>YES</string>
				<key>SDKROOT</key>
				<string>iphoneos</string>
				<key>SWIFT_OPTIMIZATION_LEVEL</key>
				<string>-Onone</string>
			</dict>
			<key>isa</key>
			<string>XCBuildConfiguration</string>
			<key>name</key>
			<string>Debug</string>
		</dict>
		<key>3DE62BD91B973B8D00F32AE2</key>
		<dict>
			<key>buildSettings</key>
			<dict>
				<key>ALWAYS_SEARCH_USER_PATHS</key>
				<string>NO</string>
				<key>CLANG_CXX_LANGUAGE_STANDARD</key>
				<string>gnu++0x</string>
				<key>CLANG_CXX_LIBRARY</key>
				<string>libc++</string>
				<key>CLANG_ENABLE_MODULES</key>
				<string>YES</string>
				<key>CLANG_ENABLE_OBJC_ARC</key>
				<string>YES</string>
				<key>CLANG_WARN_BOOL_CONVERSION</key>
				<string>YES</string>
				<key>CLANG_WARN_CONSTANT_CONVERSION</key>
				<string>YES</string>
				<key>CLANG_WARN_DIRECT_OBJC_ISA_USAGE</key>
				<string>YES_ERROR</string>
				<key>CLANG_WARN_EMPTY_BODY</key>
				<string>YES</string>
				<key>CLANG_WARN_ENUM_CONVERSION</key>
				<string>YES</string>
				<key>CLANG_WARN_INT_CONVERSION</key>
				<string>YES</string>
				<key>CLANG_WARN_OBJC_ROOT_CLASS</key>
				<string>YES_ERROR</string>
				<key>CLANG_WARN_UNREACHABLE_CODE</key>
				<string>YES</string>
				<key>CLANG_WARN__DUPLICATE_METHOD_MATCH</key>
				<string>YES</string>
				<key>CODE_SIGN_IDENTITY[sdk=iphoneos*]</key>
				<string>iPhone Developer</string>
				<key>COPY_PHASE_STRIP</key>
				<string>NO</string>
				<key>DEBUG_INFORMATION_FORMAT</key>
				<string>dwarf-with-dsym</string>
				<key>ENABLE_NS_ASSERTIONS</key>
				<string>NO</string>
				<key>ENABLE_STRICT_OBJC_MSGSEND</key>
				<string>YES</string>
				<key>GCC_C_LANGUAGE_STANDARD</key>
				<string>gnu99</string>
				<key>GCC_NO_COMMON_BLOCKS</key>
				<string>YES</string>
				<key>GCC_WARN_64_TO_32_BIT_CONVERSION</key>
				<string>YES</string>
				<key>GCC_WARN_ABOUT_RETURN_TYPE</key>
				<string>YES_ERROR</string>
				<key>GCC_WARN_UNDECLARED_SELECTOR</key>
				<string>YES</string>
				<key>GCC_WARN_UNINITIALIZED_AUTOS</key>
				<string>YES_AGGRESSIVE</string>
				<key>GCC_WARN_UNUSED_FUNCTION</key>
				<string>YES</string>
				<key>GCC_WARN_UNUSED_VARIABLE</key>
				<string>YES</string>
				<key>IPHONEOS_DEPLOYMENT_TARGET</key>
				<string>9.0</string>
				<key>MTL_ENABLE_DEBUG_INFO</key>
				<string>NO</string>
				<key>SDKROOT</key>
				<string>iphoneos</string>
				<key>VALIDATE_PRODUCT</key>
				<string>YES</string>
			</dict>
			<key>isa</key>
			<string>XCBuildConfiguration</string>
			<key>name</key>
			<string>Release</string>
		</dict>
		<key>3DE62BDA1B973B8D00F32AE2</key>
		<dict>
			<key>buildConfigurations</key>
			<array>
				<string>3DE62BDB1B973B8D00F32AE2</string>
				<string>3DE62BDC1B973B8D00F32AE2</string>
			</array>
			<key>defaultConfigurationIsVisible</key>
			<string>0</string>
			<key>defaultConfigurationName</key>
			<string>Release</string>
			<key>isa</key>
			<string>XCConfigurationList</string>
		</dict>
		<key>3DE62BDB1B973B8D00F32AE2</key>
		<dict>
			<key>baseConfigurationReference</key>
			<string>54BB67339BA59D465E036532</string>
			<key>buildSettings</key>
			<dict>
				<key>ASSETCATALOG_COMPILER_APPICON_NAME</key>
				<string>AppIcon</string>
				<key>CODE_SIGN_IDENTITY</key>
				<string>iPhone Developer: Luke Schoen (BZ335LHEY2)</string>
				<key>CODE_SIGN_IDENTITY[sdk=iphoneos*]</key>
				<string>iPhone Developer: Luke Schoen (BZ335LHEY2)</string>
				<key>ENABLE_BITCODE</key>
				<string>YES</string>
				<key>FRAMEWORK_SEARCH_PATHS</key>
				<array>
					<string>$(inherited)</string>
					<string>$(PROJECT_DIR)/FreeWifiSearch</string>
				</array>
				<key>INFOPLIST_FILE</key>
				<string>FreeWifiSearch/Info.plist</string>
				<key>IPHONEOS_DEPLOYMENT_TARGET</key>
				<string>8.1</string>
				<key>LD_RUNPATH_SEARCH_PATHS</key>
				<string>$(inherited) @executable_path/Frameworks</string>
				<key>LIBRARY_SEARCH_PATHS</key>
				<array>
					<string>$(inherited)</string>
					<string>$(PROJECT_DIR)/FreeWifiSearch/build/Debug-iphoneos</string>
				</array>
				<key>ONLY_ACTIVE_ARCH</key>
				<string>YES</string>
				<key>PRODUCT_BUNDLE_IDENTIFIER</key>
				<string>com.lukeschoen.FreeWifiSearch</string>
				<key>PRODUCT_NAME</key>
				<string>$(TARGET_NAME)</string>
				<key>PROVISIONING_PROFILE</key>
				<string>fefcae9a-0518-4201-8921-bc1b820eda13</string>
				<key>SWIFT_OBJC_BRIDGING_HEADER</key>
				<string>FreeWifiSearch/FreeWifiSearchObjCBridging.h</string>
			</dict>
			<key>isa</key>
			<string>XCBuildConfiguration</string>
			<key>name</key>
			<string>Debug</string>
		</dict>
		<key>3DE62BDC1B973B8D00F32AE2</key>
		<dict>
			<key>baseConfigurationReference</key>
			<string>206930FFBE7783D72EA0DCDE</string>
			<key>buildSettings</key>
			<dict>
				<key>ASSETCATALOG_COMPILER_APPICON_NAME</key>
				<string>AppIcon</string>
				<key>CODE_SIGN_IDENTITY</key>
				<string>iPhone Developer: Luke Schoen (BZ335LHEY2)</string>
				<key>CODE_SIGN_IDENTITY[sdk=iphoneos*]</key>
				<string>iPhone Developer: Luke Schoen (BZ335LHEY2)</string>
				<key>ENABLE_BITCODE</key>
				<string>YES</string>
				<key>FRAMEWORK_SEARCH_PATHS</key>
				<array>
					<string>$(inherited)</string>
					<string>$(PROJECT_DIR)/FreeWifiSearch</string>
				</array>
				<key>INFOPLIST_FILE</key>
				<string>FreeWifiSearch/Info.plist</string>
				<key>IPHONEOS_DEPLOYMENT_TARGET</key>
				<string>8.1</string>
				<key>LD_RUNPATH_SEARCH_PATHS</key>
				<string>$(inherited) @executable_path/Frameworks</string>
				<key>LIBRARY_SEARCH_PATHS</key>
				<array>
					<string>$(inherited)</string>
					<string>$(PROJECT_DIR)/FreeWifiSearch/build/Debug-iphoneos</string>
				</array>
				<key>ONLY_ACTIVE_ARCH</key>
				<string>NO</string>
				<key>PRODUCT_BUNDLE_IDENTIFIER</key>
				<string>com.lukeschoen.FreeWifiSearch</string>
				<key>PRODUCT_NAME</key>
				<string>$(TARGET_NAME)</string>
				<key>PROVISIONING_PROFILE</key>
				<string>fefcae9a-0518-4201-8921-bc1b820eda13</string>
				<key>SWIFT_OBJC_BRIDGING_HEADER</key>
				<string>FreeWifiSearch/FreeWifiSearchObjCBridging.h</string>
			</dict>
			<key>isa</key>
			<string>XCBuildConfiguration</string>
			<key>name</key>
			<string>Release</string>
		</dict>
		<key>3DE62BDD1B973B8D00F32AE2</key>
		<dict>
			<key>buildConfigurations</key>
			<array>
				<string>3DE62BDE1B973B8D00F32AE2</string>
				<string>3DE62BDF1B973B8D00F32AE2</string>
			</array>
			<key>defaultConfigurationIsVisible</key>
			<string>0</string>
			<key>defaultConfigurationName</key>
			<string>Release</string>
			<key>isa</key>
			<string>XCConfigurationList</string>
		</dict>
		<key>3DE62BDE1B973B8D00F32AE2</key>
		<dict>
			<key>buildSettings</key>
			<dict>
				<key>BUNDLE_LOADER</key>
				<string>$(TEST_HOST)</string>
				<key>INFOPLIST_FILE</key>
				<string>FreeWifiSearchTests/Info.plist</string>
				<key>LD_RUNPATH_SEARCH_PATHS</key>
				<string>$(inherited) @executable_path/Frameworks @loader_path/Frameworks</string>
				<key>PRODUCT_BUNDLE_IDENTIFIER</key>
				<string>com.lukeschoen.FreeWifiSearchTests</string>
				<key>PRODUCT_NAME</key>
				<string>$(TARGET_NAME)</string>
				<key>TEST_HOST</key>
				<string>$(BUILT_PRODUCTS_DIR)/FreeWifiSearch.app/FreeWifiSearch</string>
			</dict>
			<key>isa</key>
			<string>XCBuildConfiguration</string>
			<key>name</key>
			<string>Debug</string>
		</dict>
		<key>3DE62BDF1B973B8D00F32AE2</key>
		<dict>
			<key>buildSettings</key>
			<dict>
				<key>BUNDLE_LOADER</key>
				<string>$(TEST_HOST)</string>
				<key>INFOPLIST_FILE</key>
				<string>FreeWifiSearchTests/Info.plist</string>
				<key>LD_RUNPATH_SEARCH_PATHS</key>
				<string>$(inherited) @executable_path/Frameworks @loader_path/Frameworks</string>
				<key>PRODUCT_BUNDLE_IDENTIFIER</key>
				<string>com.lukeschoen.FreeWifiSearchTests</string>
				<key>PRODUCT_NAME</key>
				<string>$(TARGET_NAME)</string>
				<key>TEST_HOST</key>
				<string>$(BUILT_PRODUCTS_DIR)/FreeWifiSearch.app/FreeWifiSearch</string>
			</dict>
			<key>isa</key>
			<string>XCBuildConfiguration</string>
			<key>name</key>
			<string>Release</string>
		</dict>
		<key>3DE62BE01B973B8D00F32AE2</key>
		<dict>
			<key>buildConfigurations</key>
			<array>
				<string>3DE62BE11B973B8D00F32AE2</string>
				<string>3DE62BE21B973B8D00F32AE2</string>
			</array>
			<key>defaultConfigurationIsVisible</key>
			<string>0</string>
			<key>defaultConfigurationName</key>
			<string>Release</string>
			<key>isa</key>
			<string>XCConfigurationList</string>
		</dict>
		<key>3DE62BE11B973B8D00F32AE2</key>
		<dict>
			<key>buildSettings</key>
			<dict>
				<key>INFOPLIST_FILE</key>
				<string>FreeWifiSearchUITests/Info.plist</string>
				<key>LD_RUNPATH_SEARCH_PATHS</key>
				<string>$(inherited) @executable_path/Frameworks @loader_path/Frameworks</string>
				<key>PRODUCT_BUNDLE_IDENTIFIER</key>
				<string>com.lukeschoen.FreeWifiSearchUITests</string>
				<key>PRODUCT_NAME</key>
				<string>$(TARGET_NAME)</string>
				<key>TEST_TARGET_NAME</key>
				<string>FreeWifiSearch</string>
				<key>USES_XCTRUNNER</key>
				<string>YES</string>
			</dict>
			<key>isa</key>
			<string>XCBuildConfiguration</string>
			<key>name</key>
			<string>Debug</string>
		</dict>
		<key>3DE62BE21B973B8D00F32AE2</key>
		<dict>
			<key>buildSettings</key>
			<dict>
				<key>INFOPLIST_FILE</key>
				<string>FreeWifiSearchUITests/Info.plist</string>
				<key>LD_RUNPATH_SEARCH_PATHS</key>
				<string>$(inherited) @executable_path/Frameworks @loader_path/Frameworks</string>
				<key>PRODUCT_BUNDLE_IDENTIFIER</key>
				<string>com.lukeschoen.FreeWifiSearchUITests</string>
				<key>PRODUCT_NAME</key>
				<string>$(TARGET_NAME)</string>
				<key>TEST_TARGET_NAME</key>
				<string>FreeWifiSearch</string>
				<key>USES_XCTRUNNER</key>
				<string>YES</string>
			</dict>
			<key>isa</key>
			<string>XCBuildConfiguration</string>
			<key>name</key>
			<string>Release</string>
		</dict>
		<key>3DE62BE31B973C3800F32AE2</key>
		<dict>
			<key>fileEncoding</key>
			<string>4</string>
			<key>isa</key>
			<string>PBXFileReference</string>
			<key>lastKnownFileType</key>
			<string>sourcecode.swift</string>
			<key>path</key>
			<string>JSON.swift</string>
			<key>sourceTree</key>
			<string>&lt;group&gt;</string>
		</dict>
		<key>3DE62BE41B973C3800F32AE2</key>
		<dict>
			<key>fileRef</key>
			<string>3DE62BE31B973C3800F32AE2</string>
			<key>isa</key>
			<string>PBXBuildFile</string>
		</dict>
		<key>3DE62C1F1B973F4D00F32AE2</key>
		<dict>
			<key>fileEncoding</key>
			<string>4</string>
			<key>isa</key>
			<string>PBXFileReference</string>
			<key>lastKnownFileType</key>
			<string>sourcecode.swift</string>
			<key>path</key>
			<string>ViewController.swift</string>
			<key>sourceTree</key>
			<string>&lt;group&gt;</string>
		</dict>
		<key>3DE62C201B973F4D00F32AE2</key>
		<dict>
			<key>fileRef</key>
			<string>3DE62C1F1B973F4D00F32AE2</string>
			<key>isa</key>
			<string>PBXBuildFile</string>
		</dict>
		<key>3DE62C211B973F6E00F32AE2</key>
		<dict>
			<key>fileEncoding</key>
			<string>4</string>
			<key>isa</key>
			<string>PBXFileReference</string>
			<key>lastKnownFileType</key>
			<string>sourcecode.swift</string>
			<key>path</key>
			<string>AppDelegate.swift</string>
			<key>sourceTree</key>
			<string>&lt;group&gt;</string>
		</dict>
		<key>3DE62C221B973F6E00F32AE2</key>
		<dict>
			<key>fileRef</key>
			<string>3DE62C211B973F6E00F32AE2</string>
			<key>isa</key>
			<string>PBXBuildFile</string>
		</dict>
		<key>3DE62C231B97463A00F32AE2</key>
		<dict>
			<key>isa</key>
			<string>PBXFileReference</string>
			<key>lastKnownFileType</key>
			<string>sourcecode.c.h</string>
			<key>path</key>
			<string>FreeWifiSearchObjCBridging.h</string>
			<key>sourceTree</key>
			<string>&lt;group&gt;</string>
		</dict>
		<key>3DFE177F1BA9AD7F00E8E194</key>
		<dict>
			<key>fileEncoding</key>
			<string>4</string>
			<key>isa</key>
			<string>PBXFileReference</string>
			<key>lastKnownFileType</key>
			<string>sourcecode.swift</string>
			<key>path</key>
			<string>FreeWifiHotspotViewController.swift</string>
			<key>sourceTree</key>
			<string>&lt;group&gt;</string>
		</dict>
		<key>3DFE17801BA9AD7F00E8E194</key>
		<dict>
			<key>fileRef</key>
			<string>3DFE177F1BA9AD7F00E8E194</string>
			<key>isa</key>
			<string>PBXBuildFile</string>
		</dict>
		<key>49C6F9521BCBFB4800AE58F1</key>
		<dict>
			<key>isa</key>
			<string>PBXFileReference</string>
			<key>lastKnownFileType</key>
			<string>archive.ar</string>
			<key>name</key>
			<string>libFBSDKCoreKit.a</string>
			<key>path</key>
			<string>FreeWifiSearch/Pods/../build/Debug-iphoneos/libFBSDKCoreKit.a</string>
			<key>sourceTree</key>
			<string>&lt;group&gt;</string>
		</dict>
		<key>49E9BD091BB6BA4A002CB320</key>
		<dict>
			<key>isa</key>
			<string>PBXFileReference</string>
			<key>lastKnownFileType</key>
			<string>archive.ar</string>
			<key>name</key>
			<string>libBolts.a</string>
			<key>path</key>
			<string>FreeWifiSearch/Pods/../build/Debug-iphoneos/libBolts.a</string>
			<key>sourceTree</key>
			<string>&lt;group&gt;</string>
		</dict>
		<key>49E9BD0A1BB6BA4A002CB320</key>
		<dict>
			<key>isa</key>
			<string>PBXFileReference</string>
			<key>lastKnownFileType</key>
			<string>archive.ar</string>
			<key>name</key>
			<string>libFBSDKCoreKit.a</string>
			<key>path</key>
			<string>FreeWifiSearch/Pods/../build/Debug-iphoneos/libFBSDKCoreKit.a</string>
			<key>sourceTree</key>
			<string>&lt;group&gt;</string>
		</dict>
		<key>49E9BD0B1BB6BA4A002CB320</key>
		<dict>
			<key>isa</key>
			<string>PBXFileReference</string>
			<key>lastKnownFileType</key>
			<string>archive.ar</string>
			<key>name</key>
			<string>libFBSDKLoginKit.a</string>
			<key>path</key>
			<string>FreeWifiSearch/Pods/../build/Debug-iphoneos/libFBSDKLoginKit.a</string>
			<key>sourceTree</key>
			<string>&lt;group&gt;</string>
		</dict>
		<key>49E9BD0C1BB6BA4A002CB320</key>
		<dict>
			<key>isa</key>
			<string>PBXFileReference</string>
			<key>lastKnownFileType</key>
			<string>archive.ar</string>
			<key>name</key>
			<string>libFBSDKMessengerShareKit.a</string>
			<key>path</key>
			<string>FreeWifiSearch/Pods/../build/Debug-iphoneos/libFBSDKMessengerShareKit.a</string>
			<key>sourceTree</key>
			<string>&lt;group&gt;</string>
		</dict>
		<key>49E9BD0D1BB6BA4A002CB320</key>
		<dict>
			<key>isa</key>
			<string>PBXFileReference</string>
			<key>lastKnownFileType</key>
			<string>archive.ar</string>
			<key>name</key>
			<string>libFBSDKShareKit.a</string>
			<key>path</key>
			<string>FreeWifiSearch/Pods/../build/Debug-iphoneos/libFBSDKShareKit.a</string>
			<key>sourceTree</key>
			<string>&lt;group&gt;</string>
		</dict>
		<key>54BB67339BA59D465E036532</key>
		<dict>
			<key>includeInIndex</key>
			<string>1</string>
			<key>isa</key>
			<string>PBXFileReference</string>
			<key>lastKnownFileType</key>
			<string>text.xcconfig</string>
			<key>name</key>
			<string>Pods.debug.xcconfig</string>
			<key>path</key>
			<string>FreeWifiSearch/Pods/Target Support Files/Pods/Pods.debug.xcconfig</string>
			<key>sourceTree</key>
			<string>&lt;group&gt;</string>
		</dict>
		<key>843FE924F17BE67F93C72DDD</key>
		<dict>
			<key>children</key>
			<array>
				<string>49C6F9521BCBFB4800AE58F1</string>
				<string>49E9BD091BB6BA4A002CB320</string>
				<string>49E9BD0A1BB6BA4A002CB320</string>
				<string>49E9BD0B1BB6BA4A002CB320</string>
				<string>49E9BD0C1BB6BA4A002CB320</string>
				<string>49E9BD0D1BB6BA4A002CB320</string>
				<string>F5F7B91231E168682C6A77D9</string>
			</array>
			<key>isa</key>
			<string>PBXGroup</string>
			<key>name</key>
			<string>Frameworks</string>
			<key>sourceTree</key>
			<string>&lt;group&gt;</string>
		</dict>
		<key>954BF1B1D4116599C89C5671</key>
		<dict>
			<key>fileRef</key>
			<string>F5F7B91231E168682C6A77D9</string>
			<key>isa</key>
			<string>PBXBuildFile</string>
		</dict>
		<key>A2069C0F222BF88A203881DD</key>
		<dict>
			<key>children</key>
			<array>
				<string>54BB67339BA59D465E036532</string>
				<string>206930FFBE7783D72EA0DCDE</string>
			</array>
			<key>isa</key>
			<string>PBXGroup</string>
			<key>name</key>
			<string>Pods</string>
			<key>sourceTree</key>
			<string>&lt;group&gt;</string>
		</dict>
		<key>AC16E90E5C70E7649705C0CD</key>
		<dict>
			<key>buildActionMask</key>
			<string>2147483647</string>
			<key>files</key>
			<array/>
			<key>inputPaths</key>
			<array/>
			<key>isa</key>
			<string>PBXShellScriptBuildPhase</string>
			<key>name</key>
			<string>Copy Pods Resources</string>
			<key>outputPaths</key>
			<array/>
			<key>runOnlyForDeploymentPostprocessing</key>
			<string>0</string>
			<key>shellPath</key>
			<string>/bin/sh</string>
			<key>shellScript</key>
			<string>"${SRCROOT}/../../apps/FreeWifiSearch/FreeWifiSearch/Pods/Target Support Files/Pods/Pods-resources.sh"
</string>
			<key>showEnvVarsInLog</key>
			<string>0</string>
		</dict>
		<key>F5F7B91231E168682C6A77D9</key>
		<dict>
			<key>explicitFileType</key>
			<string>archive.ar</string>
			<key>includeInIndex</key>
			<string>0</string>
			<key>isa</key>
			<string>PBXFileReference</string>
			<key>path</key>
			<string>libPods.a</string>
			<key>sourceTree</key>
			<string>BUILT_PRODUCTS_DIR</string>
		</dict>
		<key>FBD5A4DFDBD8B447F9B94AB8</key>
		<dict>
			<key>buildActionMask</key>
			<string>2147483647</string>
			<key>files</key>
			<array/>
			<key>inputPaths</key>
			<array/>
			<key>isa</key>
			<string>PBXShellScriptBuildPhase</string>
			<key>name</key>
			<string>Check Pods Manifest.lock</string>
			<key>outputPaths</key>
			<array/>
			<key>runOnlyForDeploymentPostprocessing</key>
			<string>0</string>
			<key>shellPath</key>
			<string>/bin/sh</string>
			<key>shellScript</key>
			<string>diff "${PODS_ROOT}/../Podfile.lock" "${PODS_ROOT}/Manifest.lock" &gt; /dev/null
if [[ $? != 0 ]] ; then
    cat &lt;&lt; EOM
error: The sandbox is not in sync with the Podfile.lock. Run 'pod install' or update your CocoaPods installation.
EOM
    exit 1
fi
</string>
			<key>showEnvVarsInLog</key>
			<string>0</string>
		</dict>
	</dict>
	<key>rootObject</key>
	<string>3DE62BA71B973B8D00F32AE2</string>
</dict>
</plist>
