// !$*UTF8*$!
{
	archiveVersion = 1;
	classes = {
	};
	objectVersion = 46;
	objects = {

/* Begin PBXBuildFile section */
		3DA454221B88C04D00C172CF /* AppDelegate.swift in Sources */ = {isa = PBXBuildFile; fileRef = 3DA454211B88C04D00C172CF /* AppDelegate.swift */; };
		3DA454241B88C04D00C172CF /* ViewController.swift in Sources */ = {isa = PBXBuildFile; fileRef = 3DA454231B88C04D00C172CF /* ViewController.swift */; };
		3DA454271B88C04D00C172CF /* Main.storyboard in Resources */ = {isa = PBXBuildFile; fileRef = 3DA454251B88C04D00C172CF /* Main.storyboard */; };
		3DA454291B88C04D00C172CF /* Assets.xcassets in Resources */ = {isa = PBXBuildFile; fileRef = 3DA454281B88C04D00C172CF /* Assets.xcassets */; };
		3DA4542C1B88C04D00C172CF /* LaunchScreen.storyboard in Resources */ = {isa = PBXBuildFile; fileRef = 3DA4542A1B88C04D00C172CF /* LaunchScreen.storyboard */; };
		3DA454371B88C04D00C172CF /* Memory_Leak_TestTests.swift in Sources */ = {isa = PBXBuildFile; fileRef = 3DA454361B88C04D00C172CF /* Memory_Leak_TestTests.swift */; };
		3DA454421B88C04D00C172CF /* Memory_Leak_TestUITests.swift in Sources */ = {isa = PBXBuildFile; fileRef = 3DA454411B88C04D00C172CF /* Memory_Leak_TestUITests.swift */; };
/* End PBXBuildFile section */

/* Begin PBXContainerItemProxy section */
		3DA454331B88C04D00C172CF /* PBXContainerItemProxy */ = {
			isa = PBXContainerItemProxy;
			containerPortal = 3DA454161B88C04D00C172CF /* Project object */;
			proxyType = 1;
			remoteGlobalIDString = 3DA4541D1B88C04D00C172CF;
			remoteInfo = "Memory Leak Test";
		};
		3DA4543E1B88C04D00C172CF /* PBXContainerItemProxy */ = {
			isa = PBXContainerItemProxy;
			containerPortal = 3DA454161B88C04D00C172CF /* Project object */;
			proxyType = 1;
			remoteGlobalIDString = 3DA4541D1B88C04D00C172CF;
			remoteInfo = "Memory Leak Test";
		};
/* End PBXContainerItemProxy section */

/* Begin PBXFileReference section */
		3DA4541E1B88C04D00C172CF /* Memory Leak Test.app */ = {isa = PBXFileReference; explicitFileType = wrapper.application; includeInIndex = 0; path = "Memory Leak Test.app"; sourceTree = BUILT_PRODUCTS_DIR; };
		3DA454211B88C04D00C172CF /* AppDelegate.swift */ = {isa = PBXFileReference; lastKnownFileType = sourcecode.swift; path = AppDelegate.swift; sourceTree = "<group>"; };
		3DA454231B88C04D00C172CF /* ViewController.swift */ = {isa = PBXFileReference; lastKnownFileType = sourcecode.swift; path = ViewController.swift; sourceTree = "<group>"; };
		3DA454261B88C04D00C172CF /* Base */ = {isa = PBXFileReference; lastKnownFileType = file.storyboard; name = Base; path = Base.lproj/Main.storyboard; sourceTree = "<group>"; };
		3DA454281B88C04D00C172CF /* Assets.xcassets */ = {isa = PBXFileReference; lastKnownFileType = folder.assetcatalog; path = Assets.xcassets; sourceTree = "<group>"; };
		3DA4542B1B88C04D00C172CF /* Base */ = {isa = PBXFileReference; lastKnownFileType = file.storyboard; name = Base; path = Base.lproj/LaunchScreen.storyboard; sourceTree = "<group>"; };
		3DA4542D1B88C04D00C172CF /* Info.plist */ = {isa = PBXFileReference; lastKnownFileType = text.plist.xml; path = Info.plist; sourceTree = "<group>"; };
		3DA454321B88C04D00C172CF /* Memory Leak TestTests.xctest */ = {isa = PBXFileReference; explicitFileType = wrapper.cfbundle; includeInIndex = 0; path = "Memory Leak TestTests.xctest"; sourceTree = BUILT_PRODUCTS_DIR; };
		3DA454361B88C04D00C172CF /* Memory_Leak_TestTests.swift */ = {isa = PBXFileReference; lastKnownFileType = sourcecode.swift; path = Memory_Leak_TestTests.swift; sourceTree = "<group>"; };
		3DA454381B88C04D00C172CF /* Info.plist */ = {isa = PBXFileReference; lastKnownFileType = text.plist.xml; path = Info.plist; sourceTree = "<group>"; };
		3DA4543D1B88C04D00C172CF /* Memory Leak TestUITests.xctest */ = {isa = PBXFileReference; explicitFileType = wrapper.cfbundle; includeInIndex = 0; path = "Memory Leak TestUITests.xctest"; sourceTree = BUILT_PRODUCTS_DIR; };
		3DA454411B88C04D00C172CF /* Memory_Leak_TestUITests.swift */ = {isa = PBXFileReference; lastKnownFileType = sourcecode.swift; path = Memory_Leak_TestUITests.swift; sourceTree = "<group>"; };
		3DA454431B88C04D00C172CF /* Info.plist */ = {isa = PBXFileReference; lastKnownFileType = text.plist.xml; path = Info.plist; sourceTree = "<group>"; };
/* End PBXFileReference section */

/* Begin PBXFrameworksBuildPhase section */
		3DA4541B1B88C04D00C172CF /* Frameworks */ = {
			isa = PBXFrameworksBuildPhase;
			buildActionMask = 2147483647;
			files = (
			);
			runOnlyForDeploymentPostprocessing = 0;
		};
		3DA4542F1B88C04D00C172CF /* Frameworks */ = {
			isa = PBXFrameworksBuildPhase;
			buildActionMask = 2147483647;
			files = (
			);
			runOnlyForDeploymentPostprocessing = 0;
		};
		3DA4543A1B88C04D00C172CF /* Frameworks */ = {
			isa = PBXFrameworksBuildPhase;
			buildActionMask = 2147483647;
			files = (
			);
			runOnlyForDeploymentPostprocessing = 0;
		};
/* End PBXFrameworksBuildPhase section */

/* Begin PBXGroup section */
		3DA454151B88C04D00C172CF = {
			isa = PBXGroup;
			children = (
				3DA454201B88C04D00C172CF /* Memory Leak Test */,
				3DA454351B88C04D00C172CF /* Memory Leak TestTests */,
				3DA454401B88C04D00C172CF /* Memory Leak TestUITests */,
				3DA4541F1B88C04D00C172CF /* Products */,
			);
			sourceTree = "<group>";
		};
		3DA4541F1B88C04D00C172CF /* Products */ = {
			isa = PBXGroup;
			children = (
				3DA4541E1B88C04D00C172CF /* Memory Leak Test.app */,
				3DA454321B88C04D00C172CF /* Memory Leak TestTests.xctest */,
				3DA4543D1B88C04D00C172CF /* Memory Leak TestUITests.xctest */,
			);
			name = Products;
			sourceTree = "<group>";
		};
		3DA454201B88C04D00C172CF /* Memory Leak Test */ = {
			isa = PBXGroup;
			children = (
				3DA454211B88C04D00C172CF /* AppDelegate.swift */,
				3DA454231B88C04D00C172CF /* ViewController.swift */,
				3DA454251B88C04D00C172CF /* Main.storyboard */,
				3DA454281B88C04D00C172CF /* Assets.xcassets */,
				3DA4542A1B88C04D00C172CF /* LaunchScreen.storyboard */,
				3DA4542D1B88C04D00C172CF /* Info.plist */,
			);
			path = "Memory Leak Test";
			sourceTree = "<group>";
		};
		3DA454351B88C04D00C172CF /* Memory Leak TestTests */ = {
			isa = PBXGroup;
			children = (
				3DA454361B88C04D00C172CF /* Memory_Leak_TestTests.swift */,
				3DA454381B88C04D00C172CF /* Info.plist */,
			);
			path = "Memory Leak TestTests";
			sourceTree = "<group>";
		};
		3DA454401B88C04D00C172CF /* Memory Leak TestUITests */ = {
			isa = PBXGroup;
			children = (
				3DA454411B88C04D00C172CF /* Memory_Leak_TestUITests.swift */,
				3DA454431B88C04D00C172CF /* Info.plist */,
			);
			path = "Memory Leak TestUITests";
			sourceTree = "<group>";
		};
/* End PBXGroup section */

/* Begin PBXNativeTarget section */
		3DA4541D1B88C04D00C172CF /* Memory Leak Test */ = {
			isa = PBXNativeTarget;
			buildConfigurationList = 3DA454461B88C04D00C172CF /* Build configuration list for PBXNativeTarget "Memory Leak Test" */;
			buildPhases = (
				3DA4541A1B88C04D00C172CF /* Sources */,
				3DA4541B1B88C04D00C172CF /* Frameworks */,
				3DA4541C1B88C04D00C172CF /* Resources */,
			);
			buildRules = (
			);
			dependencies = (
			);
			name = "Memory Leak Test";
			productName = "Memory Leak Test";
			productReference = 3DA4541E1B88C04D00C172CF /* Memory Leak Test.app */;
			productType = "com.apple.product-type.application";
		};
		3DA454311B88C04D00C172CF /* Memory Leak TestTests */ = {
			isa = PBXNativeTarget;
			buildConfigurationList = 3DA454491B88C04D00C172CF /* Build configuration list for PBXNativeTarget "Memory Leak TestTests" */;
			buildPhases = (
				3DA4542E1B88C04D00C172CF /* Sources */,
				3DA4542F1B88C04D00C172CF /* Frameworks */,
				3DA454301B88C04D00C172CF /* Resources */,
			);
			buildRules = (
			);
			dependencies = (
				3DA454341B88C04D00C172CF /* PBXTargetDependency */,
			);
			name = "Memory Leak TestTests";
			productName = "Memory Leak TestTests";
			productReference = 3DA454321B88C04D00C172CF /* Memory Leak TestTests.xctest */;
			productType = "com.apple.product-type.bundle.unit-test";
		};
		3DA4543C1B88C04D00C172CF /* Memory Leak TestUITests */ = {
			isa = PBXNativeTarget;
			buildConfigurationList = 3DA4544C1B88C04D00C172CF /* Build configuration list for PBXNativeTarget "Memory Leak TestUITests" */;
			buildPhases = (
				3DA454391B88C04D00C172CF /* Sources */,
				3DA4543A1B88C04D00C172CF /* Frameworks */,
				3DA4543B1B88C04D00C172CF /* Resources */,
			);
			buildRules = (
			);
			dependencies = (
				3DA4543F1B88C04D00C172CF /* PBXTargetDependency */,
			);
			name = "Memory Leak TestUITests";
			productName = "Memory Leak TestUITests";
			productReference = 3DA4543D1B88C04D00C172CF /* Memory Leak TestUITests.xctest */;
			productType = "com.apple.product-type.bundle.ui-testing";
		};
/* End PBXNativeTarget section */

/* Begin PBXProject section */
		3DA454161B88C04D00C172CF /* Project object */ = {
			isa = PBXProject;
			attributes = {
				LastUpgradeCheck = 0700;
				ORGANIZATIONNAME = LS;
				TargetAttributes = {
					3DA4541D1B88C04D00C172CF = {
						CreatedOnToolsVersion = 7.0;
					};
					3DA454311B88C04D00C172CF = {
						CreatedOnToolsVersion = 7.0;
						TestTargetID = 3DA4541D1B88C04D00C172CF;
					};
					3DA4543C1B88C04D00C172CF = {
						CreatedOnToolsVersion = 7.0;
						TestTargetID = 3DA4541D1B88C04D00C172CF;
					};
				};
			};
			buildConfigurationList = 3DA454191B88C04D00C172CF /* Build configuration list for PBXProject "Memory Leak Test" */;
			compatibilityVersion = "Xcode 3.2";
			developmentRegion = English;
			hasScannedForEncodings = 0;
			knownRegions = (
				en,
				Base,
			);
			mainGroup = 3DA454151B88C04D00C172CF;
			productRefGroup = 3DA4541F1B88C04D00C172CF /* Products */;
			projectDirPath = "";
			projectRoot = "";
			targets = (
				3DA4541D1B88C04D00C172CF /* Memory Leak Test */,
				3DA454311B88C04D00C172CF /* Memory Leak TestTests */,
				3DA4543C1B88C04D00C172CF /* Memory Leak TestUITests */,
			);
		};
/* End PBXProject section */

/* Begin PBXResourcesBuildPhase section */
		3DA4541C1B88C04D00C172CF /* Resources */ = {
			isa = PBXResourcesBuildPhase;
			buildActionMask = 2147483647;
			files = (
				3DA4542C1B88C04D00C172CF /* LaunchScreen.storyboard in Resources */,
				3DA454291B88C04D00C172CF /* Assets.xcassets in Resources */,
				3DA454271B88C04D00C172CF /* Main.storyboard in Resources */,
			);
			runOnlyForDeploymentPostprocessing = 0;
		};
		3DA454301B88C04D00C172CF /* Resources */ = {
			isa = PBXResourcesBuildPhase;
			buildActionMask = 2147483647;
			files = (
			);
			runOnlyForDeploymentPostprocessing = 0;
		};
		3DA4543B1B88C04D00C172CF /* Resources */ = {
			isa = PBXResourcesBuildPhase;
			buildActionMask = 2147483647;
			files = (
			);
			runOnlyForDeploymentPostprocessing = 0;
		};
/* End PBXResourcesBuildPhase section */

/* Begin PBXSourcesBuildPhase section */
		3DA4541A1B88C04D00C172CF /* Sources */ = {
			isa = PBXSourcesBuildPhase;
			buildActionMask = 2147483647;
			files = (
				3DA454241B88C04D00C172CF /* ViewController.swift in Sources */,
				3DA454221B88C04D00C172CF /* AppDelegate.swift in Sources */,
			);
			runOnlyForDeploymentPostprocessing = 0;
		};
		3DA4542E1B88C04D00C172CF /* Sources */ = {
			isa = PBXSourcesBuildPhase;
			buildActionMask = 2147483647;
			files = (
				3DA454371B88C04D00C172CF /* Memory_Leak_TestTests.swift in Sources */,
			);
			runOnlyForDeploymentPostprocessing = 0;
		};
		3DA454391B88C04D00C172CF /* Sources */ = {
			isa = PBXSourcesBuildPhase;
			buildActionMask = 2147483647;
			files = (
				3DA454421B88C04D00C172CF /* Memory_Leak_TestUITests.swift in Sources */,
			);
			runOnlyForDeploymentPostprocessing = 0;
		};
/* End PBXSourcesBuildPhase section */

/* Begin PBXTargetDependency section */
		3DA454341B88C04D00C172CF /* PBXTargetDependency */ = {
			isa = PBXTargetDependency;
			target = 3DA4541D1B88C04D00C172CF /* Memory Leak Test */;
			targetProxy = 3DA454331B88C04D00C172CF /* PBXContainerItemProxy */;
		};
		3DA4543F1B88C04D00C172CF /* PBXTargetDependency */ = {
			isa = PBXTargetDependency;
			target = 3DA4541D1B88C04D00C172CF /* Memory Leak Test */;
			targetProxy = 3DA4543E1B88C04D00C172CF /* PBXContainerItemProxy */;
		};
/* End PBXTargetDependency section */

/* Begin PBXVariantGroup section */
		3DA454251B88C04D00C172CF /* Main.storyboard */ = {
			isa = PBXVariantGroup;
			children = (
				3DA454261B88C04D00C172CF /* Base */,
			);
			name = Main.storyboard;
			sourceTree = "<group>";
		};
		3DA4542A1B88C04D00C172CF /* LaunchScreen.storyboard */ = {
			isa = PBXVariantGroup;
			children = (
				3DA4542B1B88C04D00C172CF /* Base */,
			);
			name = LaunchScreen.storyboard;
			sourceTree = "<group>";
		};
/* End PBXVariantGroup section */

/* Begin XCBuildConfiguration section */
		3DA454441B88C04D00C172CF /* Debug */ = {
			isa = XCBuildConfiguration;
			buildSettings = {
				ALWAYS_SEARCH_USER_PATHS = NO;
				CLANG_CXX_LANGUAGE_STANDARD = "gnu++0x";
				CLANG_CXX_LIBRARY = "libc++";
				CLANG_ENABLE_MODULES = YES;
				CLANG_ENABLE_OBJC_ARC = YES;
				CLANG_WARN_BOOL_CONVERSION = YES;
				CLANG_WARN_CONSTANT_CONVERSION = YES;
				CLANG_WARN_DIRECT_OBJC_ISA_USAGE = YES_ERROR;
				CLANG_WARN_EMPTY_BODY = YES;
				CLANG_WARN_ENUM_CONVERSION = YES;
				CLANG_WARN_INT_CONVERSION = YES;
				CLANG_WARN_OBJC_ROOT_CLASS = YES_ERROR;
				CLANG_WARN_UNREACHABLE_CODE = YES;
				CLANG_WARN__DUPLICATE_METHOD_MATCH = YES;
				"CODE_SIGN_IDENTITY[sdk=iphoneos*]" = "iPhone Developer";
				COPY_PHASE_STRIP = NO;
				DEBUG_INFORMATION_FORMAT = dwarf;
				ENABLE_STRICT_OBJC_MSGSEND = YES;
				ENABLE_TESTABILITY = YES;
				GCC_C_LANGUAGE_STANDARD = gnu99;
				GCC_DYNAMIC_NO_PIC = NO;
				GCC_NO_COMMON_BLOCKS = YES;
				GCC_OPTIMIZATION_LEVEL = 0;
				GCC_PREPROCESSOR_DEFINITIONS = (
					"DEBUG=1",
					"$(inherited)",
				);
				GCC_WARN_64_TO_32_BIT_CONVERSION = YES;
				GCC_WARN_ABOUT_RETURN_TYPE = YES_ERROR;
				GCC_WARN_UNDECLARED_SELECTOR = YES;
				GCC_WARN_UNINITIALIZED_AUTOS = YES_AGGRESSIVE;
				GCC_WARN_UNUSED_FUNCTION = YES;
				GCC_WARN_UNUSED_VARIABLE = YES;
				IPHONEOS_DEPLOYMENT_TARGET = 9.0;
				MTL_ENABLE_DEBUG_INFO = YES;
				ONLY_ACTIVE_ARCH = YES;
				SDKROOT = iphoneos;
				SWIFT_OPTIMIZATION_LEVEL = "-Onone";
			};
			name = Debug;
		};
		3DA454451B88C04D00C172CF /* Release */ = {
			isa = XCBuildConfiguration;
			buildSettings = {
				ALWAYS_SEARCH_USER_PATHS = NO;
				CLANG_CXX_LANGUAGE_STANDARD = "gnu++0x";
				CLANG_CXX_LIBRARY = "libc++";
				CLANG_ENABLE_MODULES = YES;
				CLANG_ENABLE_OBJC_ARC = YES;
				CLANG_WARN_BOOL_CONVERSION = YES;
				CLANG_WARN_CONSTANT_CONVERSION = YES;
				CLANG_WARN_DIRECT_OBJC_ISA_USAGE = YES_ERROR;
				CLANG_WARN_EMPTY_BODY = YES;
				CLANG_WARN_ENUM_CONVERSION = YES;
				CLANG_WARN_INT_CONVERSION = YES;
				CLANG_WARN_OBJC_ROOT_CLASS = YES_ERROR;
				CLANG_WARN_UNREACHABLE_CODE = YES;
				CLANG_WARN__DUPLICATE_METHOD_MATCH = YES;
				"CODE_SIGN_IDENTITY[sdk=iphoneos*]" = "iPhone Developer";
				COPY_PHASE_STRIP = NO;
				DEBUG_INFORMATION_FORMAT = "dwarf-with-dsym";
				ENABLE_NS_ASSERTIONS = NO;
				ENABLE_STRICT_OBJC_MSGSEND = YES;
				GCC_C_LANGUAGE_STANDARD = gnu99;
				GCC_NO_COMMON_BLOCKS = YES;
				GCC_WARN_64_TO_32_BIT_CONVERSION = YES;
				GCC_WARN_ABOUT_RETURN_TYPE = YES_ERROR;
				GCC_WARN_UNDECLARED_SELECTOR = YES;
				GCC_WARN_UNINITIALIZED_AUTOS = YES_AGGRESSIVE;
				GCC_WARN_UNUSED_FUNCTION = YES;
				GCC_WARN_UNUSED_VARIABLE = YES;
				IPHONEOS_DEPLOYMENT_TARGET = 9.0;
				MTL_ENABLE_DEBUG_INFO = NO;
				SDKROOT = iphoneos;
				VALIDATE_PRODUCT = YES;
			};
			name = Release;
		};
		3DA454471B88C04D00C172CF /* Debug */ = {
			isa = XCBuildConfiguration;
			buildSettings = {
				ASSETCATALOG_COMPILER_APPICON_NAME = AppIcon;
				INFOPLIST_FILE = "Memory Leak Test/Info.plist";
				LD_RUNPATH_SEARCH_PATHS = "$(inherited) @executable_path/Frameworks";
				PRODUCT_BUNDLE_IDENTIFIER = "com.lukeschoen.Memory-Leak-Test";
				PRODUCT_NAME = "$(TARGET_NAME)";
			};
			name = Debug;
		};
		3DA454481B88C04D00C172CF /* Release */ = {
			isa = XCBuildConfiguration;
			buildSettings = {
				ASSETCATALOG_COMPILER_APPICON_NAME = AppIcon;
				INFOPLIST_FILE = "Memory Leak Test/Info.plist";
				LD_RUNPATH_SEARCH_PATHS = "$(inherited) @executable_path/Frameworks";
				PRODUCT_BUNDLE_IDENTIFIER = "com.lukeschoen.Memory-Leak-Test";
				PRODUCT_NAME = "$(TARGET_NAME)";
			};
			name = Release;
		};
		3DA4544A1B88C04D00C172CF /* Debug */ = {
			isa = XCBuildConfiguration;
			buildSettings = {
				BUNDLE_LOADER = "$(TEST_HOST)";
				INFOPLIST_FILE = "Memory Leak TestTests/Info.plist";
				LD_RUNPATH_SEARCH_PATHS = "$(inherited) @executable_path/Frameworks @loader_path/Frameworks";
				PRODUCT_BUNDLE_IDENTIFIER = "com.lukeschoen.Memory-Leak-TestTests";
				PRODUCT_NAME = "$(TARGET_NAME)";
				TEST_HOST = "$(BUILT_PRODUCTS_DIR)/Memory Leak Test.app/Memory Leak Test";
			};
			name = Debug;
		};
		3DA4544B1B88C04D00C172CF /* Release */ = {
			isa = XCBuildConfiguration;
			buildSettings = {
				BUNDLE_LOADER = "$(TEST_HOST)";
				INFOPLIST_FILE = "Memory Leak TestTests/Info.plist";
				LD_RUNPATH_SEARCH_PATHS = "$(inherited) @executable_path/Frameworks @loader_path/Frameworks";
				PRODUCT_BUNDLE_IDENTIFIER = "com.lukeschoen.Memory-Leak-TestTests";
				PRODUCT_NAME = "$(TARGET_NAME)";
				TEST_HOST = "$(BUILT_PRODUCTS_DIR)/Memory Leak Test.app/Memory Leak Test";
			};
			name = Release;
		};
		3DA4544D1B88C04D00C172CF /* Debug */ = {
			isa = XCBuildConfiguration;
			buildSettings = {
				INFOPLIST_FILE = "Memory Leak TestUITests/Info.plist";
				LD_RUNPATH_SEARCH_PATHS = "$(inherited) @executable_path/Frameworks @loader_path/Frameworks";
				PRODUCT_BUNDLE_IDENTIFIER = "com.lukeschoen.Memory-Leak-TestUITests";
				PRODUCT_NAME = "$(TARGET_NAME)";
				TEST_TARGET_NAME = "Memory Leak Test";
				USES_XCTRUNNER = YES;
			};
			name = Debug;
		};
		3DA4544E1B88C04D00C172CF /* Release */ = {
			isa = XCBuildConfiguration;
			buildSettings = {
				INFOPLIST_FILE = "Memory Leak TestUITests/Info.plist";
				LD_RUNPATH_SEARCH_PATHS = "$(inherited) @executable_path/Frameworks @loader_path/Frameworks";
				PRODUCT_BUNDLE_IDENTIFIER = "com.lukeschoen.Memory-Leak-TestUITests";
				PRODUCT_NAME = "$(TARGET_NAME)";
				TEST_TARGET_NAME = "Memory Leak Test";
				USES_XCTRUNNER = YES;
			};
			name = Release;
		};
/* End XCBuildConfiguration section */

/* Begin XCConfigurationList section */
		3DA454191B88C04D00C172CF /* Build configuration list for PBXProject "Memory Leak Test" */ = {
			isa = XCConfigurationList;
			buildConfigurations = (
				3DA454441B88C04D00C172CF /* Debug */,
				3DA454451B88C04D00C172CF /* Release */,
			);
			defaultConfigurationIsVisible = 0;
			defaultConfigurationName = Release;
		};
		3DA454461B88C04D00C172CF /* Build configuration list for PBXNativeTarget "Memory Leak Test" */ = {
			isa = XCConfigurationList;
			buildConfigurations = (
				3DA454471B88C04D00C172CF /* Debug */,
				3DA454481B88C04D00C172CF /* Release */,
			);
			defaultConfigurationIsVisible = 0;
		};
		3DA454491B88C04D00C172CF /* Build configuration list for PBXNativeTarget "Memory Leak TestTests" */ = {
			isa = XCConfigurationList;
			buildConfigurations = (
				3DA4544A1B88C04D00C172CF /* Debug */,
				3DA4544B1B88C04D00C172CF /* Release */,
			);
			defaultConfigurationIsVisible = 0;
		};
		3DA4544C1B88C04D00C172CF /* Build configuration list for PBXNativeTarget "Memory Leak TestUITests" */ = {
			isa = XCConfigurationList;
			buildConfigurations = (
				3DA4544D1B88C04D00C172CF /* Debug */,
				3DA4544E1B88C04D00C172CF /* Release */,
			);
			defaultConfigurationIsVisible = 0;
		};
/* End XCConfigurationList section */
	};
	rootObject = 3DA454161B88C04D00C172CF /* Project object */;
}
